
Microsoft Visual Studio Solution File, Format Version 12.00
# Visual Studio Version 17
VisualStudioVersion = 17.2.32516.85
MinimumVisualStudioVersion = 10.0.40219.1
Project("{FAE04EC0-301F-11D3-BF4B-00C04F79EFBC}") = "BooksListRazor", "BooksListRazor\BooksListRazor.csproj", "{66D80B6C-1341-43C5-82F6-EA6E0B969084}"
EndProject
Global
	GlobalSection(SolutionConfigurationPlatforms) = preSolution
		Debug|Any CPU = Debug|Any CPU
		Release|Any CPU = Release|Any CPU
	EndGlobalSection
	GlobalSection(ProjectConfigurationPlatforms) = postSolution
		{66D80B6C-1341-43C5-82F6-EA6E0B969084}.Debug|Any CPU.ActiveCfg = Debug|Any CPU
		{66D80B6C-1341-43C5-82F6-EA6E0B969084}.Debug|Any CPU.Build.0 = Debug|Any CPU
		{66D80B6C-1341-43C5-82F6-EA6E0B969084}.Release|Any CPU.ActiveCfg = Release|Any CPU
		{66D80B6C-1341-43C5-82F6-EA6E0B969084}.Release|Any CPU.Build.0 = Release|Any CPU
	EndGlobalSection
	GlobalSection(SolutionProperties) = preSolution
		HideSolutionNode = FALSE
	EndGlobalSection
	GlobalSection(ExtensibilityGlobals) = postSolution
		SolutionGuid = {D36165F8-88B0-4C95-BB24-25FCC49C361C}
	EndGlobalSection
EndGlobal
